
Microsoft Visual Studio Solution File, Format Version 12.00
# Visual Studio Version 16
VisualStudioVersion = 16.0.29709.97
MinimumVisualStudioVersion = 10.0.40219.1
Project("{FAE04EC0-301F-11D3-BF4B-00C04F79EFBC}") = "NeuralNet", "NeuralNet\NeuralNet.csproj", "{EDCD06FF-3669-4742-97E4-CCCA13FDC5EE}"
EndProject
Global
	GlobalSection(SolutionConfigurationPlatforms) = preSolution
		Debug|Any CPU = Debug|Any CPU
		Release|Any CPU = Release|Any CPU
	EndGlobalSection
	GlobalSection(ProjectConfigurationPlatforms) = postSolution
		{EDCD06FF-3669-4742-97E4-CCCA13FDC5EE}.Debug|Any CPU.ActiveCfg = Debug|Any CPU
		{EDCD06FF-3669-4742-97E4-CCCA13FDC5EE}.Debug|Any CPU.Build.0 = Debug|Any CPU
		{EDCD06FF-3669-4742-97E4-CCCA13FDC5EE}.Release|Any CPU.ActiveCfg = Release|Any CPU
		{EDCD06FF-3669-4742-97E4-CCCA13FDC5EE}.Release|Any CPU.Build.0 = Release|Any CPU
	EndGlobalSection
	GlobalSection(SolutionProperties) = preSolution
		HideSolutionNode = FALSE
	EndGlobalSection
	GlobalSection(ExtensibilityGlobals) = postSolution
		SolutionGuid = {0D0993E7-9844-4930-84ED-890028C025DD}
	EndGlobalSection
EndGlobal
